
Microsoft Visual Studio Solution File, Format Version 12.00
# Visual Studio Version 16
VisualStudioVersion = 16.0.29102.190
MinimumVisualStudioVersion = 10.0.40219.1
Project("{9A19103F-16F7-4668-BE54-9A1E7A4F7556}") = "kubemq_msmq_sdk", "kubemq_msmq_sdk(dotnetstandard)\kubemq_msmq_sdk.csproj", "{828DE945-D58A-48F8-97F8-9E6D66163C99}"
EndProject
Project("{FAE04EC0-301F-11D3-BF4B-00C04F79EFBC}") = "kubme_msmq_worker", "kubemq_msmq_worker(dotnet)\kubme_msmq_worker.csproj", "{43A062AD-C769-4C4D-BA67-7B452DC45918}"
EndProject
Project("{9A19103F-16F7-4668-BE54-9A1E7A4F7556}") = "kubemq_msmq_receiver", "kubemq_msmq_receiver\kubemq_msmq_receiver.csproj", "{739977D5-FB93-4EBE-9A41-3D31C942F91D}"
EndProject
Project("{FAE04EC0-301F-11D3-BF4B-00C04F79EFBC}") = "kubemq_msmq_rates_generator", "msmq_generator(dotnet)\kubemq_msmq_rates_generator.csproj", "{88634F26-5C82-40DE-9724-D0FB8DEA7AD7}"
EndProject
Project("{E24C65DC-7377-472B-9ABA-BC803B73C61A}") = "Client", "..\Client\", "{A03FDBF5-1BC7-4795-9118-452B997A5D1E}"
	ProjectSection(WebsiteProperties) = preProject
		TargetFrameworkMoniker = ".NETFramework,Version%3Dv4.0"
		Debug.AspNetCompiler.VirtualPath = "/localhost_56454"
		Debug.AspNetCompiler.PhysicalPath = "..\Client\"
		Debug.AspNetCompiler.TargetPath = "PrecompiledWeb\localhost_56454\"
		Debug.AspNetCompiler.Updateable = "true"
		Debug.AspNetCompiler.ForceOverwrite = "true"
		Debug.AspNetCompiler.FixedNames = "false"
		Debug.AspNetCompiler.Debug = "True"
		Release.AspNetCompiler.VirtualPath = "/localhost_56454"
		Release.AspNetCompiler.PhysicalPath = "..\Client\"
		Release.AspNetCompiler.TargetPath = "PrecompiledWeb\localhost_56454\"
		Release.AspNetCompiler.Updateable = "true"
		Release.AspNetCompiler.ForceOverwrite = "true"
		Release.AspNetCompiler.FixedNames = "false"
		Release.AspNetCompiler.Debug = "False"
		VWDPort = "56454"
		SlnRelativePath = "..\Client\"
	EndProjectSection
EndProject
Global
	GlobalSection(SolutionConfigurationPlatforms) = preSolution
		Debug|Any CPU = Debug|Any CPU
		Release|Any CPU = Release|Any CPU
	EndGlobalSection
	GlobalSection(ProjectConfigurationPlatforms) = postSolution
		{828DE945-D58A-48F8-97F8-9E6D66163C99}.Debug|Any CPU.ActiveCfg = Debug|Any CPU
		{828DE945-D58A-48F8-97F8-9E6D66163C99}.Debug|Any CPU.Build.0 = Debug|Any CPU
		{828DE945-D58A-48F8-97F8-9E6D66163C99}.Release|Any CPU.ActiveCfg = Release|Any CPU
		{828DE945-D58A-48F8-97F8-9E6D66163C99}.Release|Any CPU.Build.0 = Release|Any CPU
		{43A062AD-C769-4C4D-BA67-7B452DC45918}.Debug|Any CPU.ActiveCfg = Debug|Any CPU
		{43A062AD-C769-4C4D-BA67-7B452DC45918}.Debug|Any CPU.Build.0 = Debug|Any CPU
		{43A062AD-C769-4C4D-BA67-7B452DC45918}.Release|Any CPU.ActiveCfg = Release|Any CPU
		{43A062AD-C769-4C4D-BA67-7B452DC45918}.Release|Any CPU.Build.0 = Release|Any CPU
		{739977D5-FB93-4EBE-9A41-3D31C942F91D}.Debug|Any CPU.ActiveCfg = Debug|Any CPU
		{739977D5-FB93-4EBE-9A41-3D31C942F91D}.Debug|Any CPU.Build.0 = Debug|Any CPU
		{739977D5-FB93-4EBE-9A41-3D31C942F91D}.Release|Any CPU.ActiveCfg = Release|Any CPU
		{739977D5-FB93-4EBE-9A41-3D31C942F91D}.Release|Any CPU.Build.0 = Release|Any CPU
		{88634F26-5C82-40DE-9724-D0FB8DEA7AD7}.Debug|Any CPU.ActiveCfg = Debug|Any CPU
		{88634F26-5C82-40DE-9724-D0FB8DEA7AD7}.Debug|Any CPU.Build.0 = Debug|Any CPU
		{88634F26-5C82-40DE-9724-D0FB8DEA7AD7}.Release|Any CPU.ActiveCfg = Release|Any CPU
		{88634F26-5C82-40DE-9724-D0FB8DEA7AD7}.Release|Any CPU.Build.0 = Release|Any CPU
		{A03FDBF5-1BC7-4795-9118-452B997A5D1E}.Debug|Any CPU.ActiveCfg = Debug|Any CPU
		{A03FDBF5-1BC7-4795-9118-452B997A5D1E}.Debug|Any CPU.Build.0 = Debug|Any CPU
		{A03FDBF5-1BC7-4795-9118-452B997A5D1E}.Release|Any CPU.ActiveCfg = Debug|Any CPU
		{A03FDBF5-1BC7-4795-9118-452B997A5D1E}.Release|Any CPU.Build.0 = Debug|Any CPU
	EndGlobalSection
	GlobalSection(SolutionProperties) = preSolution
		HideSolutionNode = FALSE
	EndGlobalSection
	GlobalSection(ExtensibilityGlobals) = postSolution
		SolutionGuid = {7C7C5D82-1C3A-4DCB-B115-934EC59DD51B}
	EndGlobalSection
EndGlobal
